
Microsoft Visual Studio Solution File, Format Version 12.00
# Visual Studio Version 17
VisualStudioVersion = 17.10.35122.118
MinimumVisualStudioVersion = 10.0.40219.1
Project("{8BC9CEB8-8B4A-11D0-8D11-00A0C91BC942}") = "GLUT", "OpenGLBasicEngine.vcxproj", "{DCA938BA-4AA4-44B4-B5F0-F44875DC9EFF}"
EndProject
Project("{8BC9CEB8-8B4A-11D0-8D11-00A0C91BC942}") = "Antialiasing", "Antialiasing\Antialiasing.vcxproj", "{E161BA94-A935-4DC6-A75D-C1400A87723F}"
EndProject
Global
	GlobalSection(SolutionConfigurationPlatforms) = preSolution
		Debug|x64 = Debug|x64
		Debug|x86 = Debug|x86
		Release|x64 = Release|x64
		Release|x86 = Release|x86
	EndGlobalSection
	GlobalSection(ProjectConfigurationPlatforms) = postSolution
		{DCA938BA-4AA4-44B4-B5F0-F44875DC9EFF}.Debug|x64.ActiveCfg = Debug|x64
		{DCA938BA-4AA4-44B4-B5F0-F44875DC9EFF}.Debug|x64.Build.0 = Debug|x64
		{DCA938BA-4AA4-44B4-B5F0-F44875DC9EFF}.Debug|x86.ActiveCfg = Debug|Win32
		{DCA938BA-4AA4-44B4-B5F0-F44875DC9EFF}.Debug|x86.Build.0 = Debug|Win32
		{DCA938BA-4AA4-44B4-B5F0-F44875DC9EFF}.Release|x64.ActiveCfg = Release|x64
		{DCA938BA-4AA4-44B4-B5F0-F44875DC9EFF}.Release|x64.Build.0 = Release|x64
		{DCA938BA-4AA4-44B4-B5F0-F44875DC9EFF}.Release|x86.ActiveCfg = Release|Win32
		{DCA938BA-4AA4-44B4-B5F0-F44875DC9EFF}.Release|x86.Build.0 = Release|Win32
		{E161BA94-A935-4DC6-A75D-C1400A87723F}.Debug|x64.ActiveCfg = Debug|x64
		{E161BA94-A935-4DC6-A75D-C1400A87723F}.Debug|x64.Build.0 = Debug|x64
		{E161BA94-A935-4DC6-A75D-C1400A87723F}.Debug|x86.ActiveCfg = Debug|Win32
		{E161BA94-A935-4DC6-A75D-C1400A87723F}.Debug|x86.Build.0 = Debug|Win32
		{E161BA94-A935-4DC6-A75D-C1400A87723F}.Release|x64.ActiveCfg = Release|x64
		{E161BA94-A935-4DC6-A75D-C1400A87723F}.Release|x64.Build.0 = Release|x64
		{E161BA94-A935-4DC6-A75D-C1400A87723F}.Release|x86.ActiveCfg = Release|Win32
		{E161BA94-A935-4DC6-A75D-C1400A87723F}.Release|x86.Build.0 = Release|Win32
	EndGlobalSection
	GlobalSection(SolutionProperties) = preSolution
		HideSolutionNode = FALSE
	EndGlobalSection
	GlobalSection(ExtensibilityGlobals) = postSolution
		SolutionGuid = {1B2E1142-8D7D-4E86-9217-6CEC5E393E80}
	EndGlobalSection
EndGlobal
